
Microsoft Visual Studio Solution File, Format Version 12.00
Project("{FAE04EC0-301F-11D3-BF4B-00C04F79EFBC}") = "BTCPayServer.Plugins.CashuMelt", "Plugins\BTCPayServer.Plugins.CashuMelt\BTCPayServer.Plugins.CashuMelt.csproj", "{A1B2C3D4-E5F6-7890-ABCD-EF1234567890}"
EndProject
Project("{FAE04EC0-301F-11D3-BF4B-00C04F79EFBC}") = "BTCPayServer.Plugins.CashuMelt.Tests", "Plugins\BTCPayServer.Plugins.CashuMelt.Tests\BTCPayServer.Plugins.CashuMelt.Tests.csproj", "{C3D4E5F6-A7B8-9012-CDEF-123456789012}"
EndProject
Project("{FAE04EC0-301F-11D3-BF4B-00C04F79EFBC}") = "BTCPayServer.Plugins.BTCPayRaffle", "Plugins\BTCPayServer.Plugins.BTCPayRaffle\BTCPayServer.Plugins.BTCPayRaffle.csproj", "{D4E5F6A7-B8C9-0123-DEFA-234567890123}"
EndProject
Project("{2150E333-8FDC-42A3-9474-1A3956D46DE8}") = "Plugins", "Plugins", "{B2C3D4E5-F6A7-8901-BCDE-F12345678901}"
EndProject
Project("{FAE04EC0-301F-11D3-BF4B-00C04F79EFBC}") = "BTCPayServer.Plugins.BTCPayRaffle.Tests", "Plugins\BTCPayServer.Plugins.BTCPayRaffle.Tests\BTCPayServer.Plugins.BTCPayRaffle.Tests.csproj", "{CD9962F4-A6FD-4E23-AE15-7FFC93149FBF}"
EndProject
Project("{FAE04EC0-301F-11D3-BF4B-00C04F79EFBC}") = "BTCPayServer.Plugins.SatfluxTickets", "Plugins\BTCPayServer.Plugins.SatfluxTickets\BTCPayServer.Plugins.SatfluxTickets.csproj", "{F0686616-5952-4D8A-8412-0930C4033AC8}"
EndProject
Project("{2150E333-8FDC-42A3-9474-1A3956D46DE8}") = "submodules", "submodules", "{B3415621-5EBA-1A55-0B57-0078FEC59DC7}"
EndProject
Project("{2150E333-8FDC-42A3-9474-1A3956D46DE8}") = "btcpayserver", "btcpayserver", "{62D3B876-442A-4F32-9377-95C9C063FEAF}"
EndProject
Project("{FAE04EC0-301F-11D3-BF4B-00C04F79EFBC}") = "BTCPayServer", "submodules\btcpayserver\BTCPayServer\BTCPayServer.csproj", "{08DD9505-D230-493E-A1DB-DFF00BA6473D}"
EndProject
Project("{FAE04EC0-301F-11D3-BF4B-00C04F79EFBC}") = "BTCPayServer.Abstractions", "submodules\btcpayserver\BTCPayServer.Abstractions\BTCPayServer.Abstractions.csproj", "{E203806D-433A-40C5-9469-ABCF10ED8C9F}"
EndProject
Project("{FAE04EC0-301F-11D3-BF4B-00C04F79EFBC}") = "BTCPayServer.Client", "submodules\btcpayserver\BTCPayServer.Client\BTCPayServer.Client.csproj", "{5FAF5764-324C-4BEE-957B-826A392474A9}"
EndProject
Project("{FAE04EC0-301F-11D3-BF4B-00C04F79EFBC}") = "BTCPayServer.Data", "submodules\btcpayserver\BTCPayServer.Data\BTCPayServer.Data.csproj", "{83B1FD93-1D49-442F-A1A2-4E22F04AD9A4}"
EndProject
Project("{FAE04EC0-301F-11D3-BF4B-00C04F79EFBC}") = "BTCPayServer.Rating", "submodules\btcpayserver\BTCPayServer.Rating\BTCPayServer.Rating.csproj", "{4B3E6A78-1565-4B09-BD4A-C918994AEFD5}"
EndProject
Project("{FAE04EC0-301F-11D3-BF4B-00C04F79EFBC}") = "BTCPayServer.Common", "submodules\btcpayserver\BTCPayServer.Common\BTCPayServer.Common.csproj", "{95F30B36-659F-474F-B4D8-1DF186F8D59B}"
EndProject
Project("{FAE04EC0-301F-11D3-BF4B-00C04F79EFBC}") = "BTCPayServer.Plugins.SepaInstantQr", "Plugins\BTCPayServer.Plugins.SepaInstantQr\BTCPayServer.Plugins.SepaInstantQr.csproj", "{4E7A9C1D-53B0-4A2E-9D1F-6C8A2B3E4F50}"
EndProject
Project("{FAE04EC0-301F-11D3-BF4B-00C04F79EFBC}") = "BTCPayServer.Plugins.SepaInstantQr.Tests", "Plugins\BTCPayServer.Plugins.SepaInstantQr.Tests\BTCPayServer.Plugins.SepaInstantQr.Tests.csproj", "{5F8B0D2E-64C1-5B3F-AE20-7D9B3C4F5A61}"
EndProject
Project("{FAE04EC0-301F-11D3-BF4B-00C04F79EFBC}") = "BTCPayServer.Plugins.Blitz", "Plugins\BTCPayServer.Plugins.Blitz\BTCPayServer.Plugins.Blitz.csproj", "{8555454A-2946-457B-BB3C-387D6E98CF29}"
EndProject
Project("{FAE04EC0-301F-11D3-BF4B-00C04F79EFBC}") = "BTCPayServer.Plugins.Blitz.Tests", "Plugins\BTCPayServer.Plugins.Blitz.Tests\BTCPayServer.Plugins.Blitz.Tests.csproj", "{4B695AAF-9AAD-4ABB-ABCE-0C07807C5559}"
EndProject
Project("{FAE04EC0-301F-11D3-BF4B-00C04F79EFBC}") = "BTCPayServer.Plugins.Flash", "Plugins\BTCPayServer.Plugins.Flash\BTCPayServer.Plugins.Flash.csproj", "{FC3BCBC8-7639-4901-9092-790521A50A38}"
EndProject
Project("{FAE04EC0-301F-11D3-BF4B-00C04F79EFBC}") = "BTCPayServer.Plugins.Flash.Tests", "Plugins\BTCPayServer.Plugins.Flash.Tests\BTCPayServer.Plugins.Flash.Tests.csproj", "{E2260881-D312-40F5-A326-CA99235E2C9E}"
EndProject
Global
	GlobalSection(SolutionConfigurationPlatforms) = preSolution
		Debug|Any CPU = Debug|Any CPU
		Debug|x64 = Debug|x64
		Debug|x86 = Debug|x86
		Release|Any CPU = Release|Any CPU
		Release|x64 = Release|x64
		Release|x86 = Release|x86
	EndGlobalSection
	GlobalSection(ProjectConfigurationPlatforms) = postSolution
		{A1B2C3D4-E5F6-7890-ABCD-EF1234567890}.Debug|Any CPU.ActiveCfg = Debug|Any CPU
		{A1B2C3D4-E5F6-7890-ABCD-EF1234567890}.Debug|Any CPU.Build.0 = Debug|Any CPU
		{A1B2C3D4-E5F6-7890-ABCD-EF1234567890}.Debug|x64.ActiveCfg = Debug|Any CPU
		{A1B2C3D4-E5F6-7890-ABCD-EF1234567890}.Debug|x64.Build.0 = Debug|Any CPU
		{A1B2C3D4-E5F6-7890-ABCD-EF1234567890}.Debug|x86.ActiveCfg = Debug|Any CPU
		{A1B2C3D4-E5F6-7890-ABCD-EF1234567890}.Debug|x86.Build.0 = Debug|Any CPU
		{A1B2C3D4-E5F6-7890-ABCD-EF1234567890}.Release|Any CPU.ActiveCfg = Release|Any CPU
		{A1B2C3D4-E5F6-7890-ABCD-EF1234567890}.Release|Any CPU.Build.0 = Release|Any CPU
		{A1B2C3D4-E5F6-7890-ABCD-EF1234567890}.Release|x64.ActiveCfg = Release|Any CPU
		{A1B2C3D4-E5F6-7890-ABCD-EF1234567890}.Release|x64.Build.0 = Release|Any CPU
		{A1B2C3D4-E5F6-7890-ABCD-EF1234567890}.Release|x86.ActiveCfg = Release|Any CPU
		{A1B2C3D4-E5F6-7890-ABCD-EF1234567890}.Release|x86.Build.0 = Release|Any CPU
		{C3D4E5F6-A7B8-9012-CDEF-123456789012}.Debug|Any CPU.ActiveCfg = Debug|Any CPU
		{C3D4E5F6-A7B8-9012-CDEF-123456789012}.Debug|Any CPU.Build.0 = Debug|Any CPU
		{C3D4E5F6-A7B8-9012-CDEF-123456789012}.Debug|x64.ActiveCfg = Debug|Any CPU
		{C3D4E5F6-A7B8-9012-CDEF-123456789012}.Debug|x64.Build.0 = Debug|Any CPU
		{C3D4E5F6-A7B8-9012-CDEF-123456789012}.Debug|x86.ActiveCfg = Debug|Any CPU
		{C3D4E5F6-A7B8-9012-CDEF-123456789012}.Debug|x86.Build.0 = Debug|Any CPU
		{C3D4E5F6-A7B8-9012-CDEF-123456789012}.Release|Any CPU.ActiveCfg = Release|Any CPU
		{C3D4E5F6-A7B8-9012-CDEF-123456789012}.Release|Any CPU.Build.0 = Release|Any CPU
		{C3D4E5F6-A7B8-9012-CDEF-123456789012}.Release|x64.ActiveCfg = Release|Any CPU
		{C3D4E5F6-A7B8-9012-CDEF-123456789012}.Release|x64.Build.0 = Release|Any CPU
		{C3D4E5F6-A7B8-9012-CDEF-123456789012}.Release|x86.ActiveCfg = Release|Any CPU
		{C3D4E5F6-A7B8-9012-CDEF-123456789012}.Release|x86.Build.0 = Release|Any CPU
		{D4E5F6A7-B8C9-0123-DEFA-234567890123}.Debug|Any CPU.ActiveCfg = Debug|Any CPU
		{D4E5F6A7-B8C9-0123-DEFA-234567890123}.Debug|Any CPU.Build.0 = Debug|Any CPU
		{D4E5F6A7-B8C9-0123-DEFA-234567890123}.Debug|x64.ActiveCfg = Debug|Any CPU
		{D4E5F6A7-B8C9-0123-DEFA-234567890123}.Debug|x64.Build.0 = Debug|Any CPU
		{D4E5F6A7-B8C9-0123-DEFA-234567890123}.Debug|x86.ActiveCfg = Debug|Any CPU
		{D4E5F6A7-B8C9-0123-DEFA-234567890123}.Debug|x86.Build.0 = Debug|Any CPU
		{D4E5F6A7-B8C9-0123-DEFA-234567890123}.Release|Any CPU.ActiveCfg = Release|Any CPU
		{D4E5F6A7-B8C9-0123-DEFA-234567890123}.Release|Any CPU.Build.0 = Release|Any CPU
		{D4E5F6A7-B8C9-0123-DEFA-234567890123}.Release|x64.ActiveCfg = Release|Any CPU
		{D4E5F6A7-B8C9-0123-DEFA-234567890123}.Release|x64.Build.0 = Release|Any CPU
		{D4E5F6A7-B8C9-0123-DEFA-234567890123}.Release|x86.ActiveCfg = Release|Any CPU
		{D4E5F6A7-B8C9-0123-DEFA-234567890123}.Release|x86.Build.0 = Release|Any CPU
		{CD9962F4-A6FD-4E23-AE15-7FFC93149FBF}.Debug|Any CPU.ActiveCfg = Debug|Any CPU
		{CD9962F4-A6FD-4E23-AE15-7FFC93149FBF}.Debug|Any CPU.Build.0 = Debug|Any CPU
		{CD9962F4-A6FD-4E23-AE15-7FFC93149FBF}.Debug|x64.ActiveCfg = Debug|Any CPU
		{CD9962F4-A6FD-4E23-AE15-7FFC93149FBF}.Debug|x64.Build.0 = Debug|Any CPU
		{CD9962F4-A6FD-4E23-AE15-7FFC93149FBF}.Debug|x86.ActiveCfg = Debug|Any CPU
		{CD9962F4-A6FD-4E23-AE15-7FFC93149FBF}.Debug|x86.Build.0 = Debug|Any CPU
		{CD9962F4-A6FD-4E23-AE15-7FFC93149FBF}.Release|Any CPU.ActiveCfg = Release|Any CPU
		{CD9962F4-A6FD-4E23-AE15-7FFC93149FBF}.Release|Any CPU.Build.0 = Release|Any CPU
		{CD9962F4-A6FD-4E23-AE15-7FFC93149FBF}.Release|x64.ActiveCfg = Release|Any CPU
		{CD9962F4-A6FD-4E23-AE15-7FFC93149FBF}.Release|x64.Build.0 = Release|Any CPU
		{CD9962F4-A6FD-4E23-AE15-7FFC93149FBF}.Release|x86.ActiveCfg = Release|Any CPU
		{CD9962F4-A6FD-4E23-AE15-7FFC93149FBF}.Release|x86.Build.0 = Release|Any CPU
		{F0686616-5952-4D8A-8412-0930C4033AC8}.Debug|Any CPU.ActiveCfg = Debug|Any CPU
		{F0686616-5952-4D8A-8412-0930C4033AC8}.Debug|Any CPU.Build.0 = Debug|Any CPU
		{F0686616-5952-4D8A-8412-0930C4033AC8}.Debug|x64.ActiveCfg = Debug|Any CPU
		{F0686616-5952-4D8A-8412-0930C4033AC8}.Debug|x64.Build.0 = Debug|Any CPU
		{F0686616-5952-4D8A-8412-0930C4033AC8}.Debug|x86.ActiveCfg = Debug|Any CPU
		{F0686616-5952-4D8A-8412-0930C4033AC8}.Debug|x86.Build.0 = Debug|Any CPU
		{F0686616-5952-4D8A-8412-0930C4033AC8}.Release|Any CPU.ActiveCfg = Release|Any CPU
		{F0686616-5952-4D8A-8412-0930C4033AC8}.Release|Any CPU.Build.0 = Release|Any CPU
		{F0686616-5952-4D8A-8412-0930C4033AC8}.Release|x64.ActiveCfg = Release|Any CPU
		{F0686616-5952-4D8A-8412-0930C4033AC8}.Release|x64.Build.0 = Release|Any CPU
		{F0686616-5952-4D8A-8412-0930C4033AC8}.Release|x86.ActiveCfg = Release|Any CPU
		{F0686616-5952-4D8A-8412-0930C4033AC8}.Release|x86.Build.0 = Release|Any CPU
		{08DD9505-D230-493E-A1DB-DFF00BA6473D}.Debug|Any CPU.ActiveCfg = Debug|Any CPU
		{08DD9505-D230-493E-A1DB-DFF00BA6473D}.Debug|Any CPU.Build.0 = Debug|Any CPU
		{08DD9505-D230-493E-A1DB-DFF00BA6473D}.Debug|x64.ActiveCfg = Debug|Any CPU
		{08DD9505-D230-493E-A1DB-DFF00BA6473D}.Debug|x64.Build.0 = Debug|Any CPU
		{08DD9505-D230-493E-A1DB-DFF00BA6473D}.Debug|x86.ActiveCfg = Debug|Any CPU
		{08DD9505-D230-493E-A1DB-DFF00BA6473D}.Debug|x86.Build.0 = Debug|Any CPU
		{08DD9505-D230-493E-A1DB-DFF00BA6473D}.Release|Any CPU.ActiveCfg = Release|Any CPU
		{08DD9505-D230-493E-A1DB-DFF00BA6473D}.Release|Any CPU.Build.0 = Release|Any CPU
		{08DD9505-D230-493E-A1DB-DFF00BA6473D}.Release|x64.ActiveCfg = Release|Any CPU
		{08DD9505-D230-493E-A1DB-DFF00BA6473D}.Release|x64.Build.0 = Release|Any CPU
		{08DD9505-D230-493E-A1DB-DFF00BA6473D}.Release|x86.ActiveCfg = Release|Any CPU
		{08DD9505-D230-493E-A1DB-DFF00BA6473D}.Release|x86.Build.0 = Release|Any CPU
		{E203806D-433A-40C5-9469-ABCF10ED8C9F}.Debug|Any CPU.ActiveCfg = Debug|Any CPU
		{E203806D-433A-40C5-9469-ABCF10ED8C9F}.Debug|Any CPU.Build.0 = Debug|Any CPU
		{E203806D-433A-40C5-9469-ABCF10ED8C9F}.Debug|x64.ActiveCfg = Debug|Any CPU
		{E203806D-433A-40C5-9469-ABCF10ED8C9F}.Debug|x64.Build.0 = Debug|Any CPU
		{E203806D-433A-40C5-9469-ABCF10ED8C9F}.Debug|x86.ActiveCfg = Debug|Any CPU
		{E203806D-433A-40C5-9469-ABCF10ED8C9F}.Debug|x86.Build.0 = Debug|Any CPU
		{E203806D-433A-40C5-9469-ABCF10ED8C9F}.Release|Any CPU.ActiveCfg = Release|Any CPU
		{E203806D-433A-40C5-9469-ABCF10ED8C9F}.Release|Any CPU.Build.0 = Release|Any CPU
		{E203806D-433A-40C5-9469-ABCF10ED8C9F}.Release|x64.ActiveCfg = Release|Any CPU
		{E203806D-433A-40C5-9469-ABCF10ED8C9F}.Release|x64.Build.0 = Release|Any CPU
		{E203806D-433A-40C5-9469-ABCF10ED8C9F}.Release|x86.ActiveCfg = Release|Any CPU
		{E203806D-433A-40C5-9469-ABCF10ED8C9F}.Release|x86.Build.0 = Release|Any CPU
		{5FAF5764-324C-4BEE-957B-826A392474A9}.Debug|Any CPU.ActiveCfg = Debug|Any CPU
		{5FAF5764-324C-4BEE-957B-826A392474A9}.Debug|Any CPU.Build.0 = Debug|Any CPU
		{5FAF5764-324C-4BEE-957B-826A392474A9}.Debug|x64.ActiveCfg = Debug|Any CPU
		{5FAF5764-324C-4BEE-957B-826A392474A9}.Debug|x64.Build.0 = Debug|Any CPU
		{5FAF5764-324C-4BEE-957B-826A392474A9}.Debug|x86.ActiveCfg = Debug|Any CPU
		{5FAF5764-324C-4BEE-957B-826A392474A9}.Debug|x86.Build.0 = Debug|Any CPU
		{5FAF5764-324C-4BEE-957B-826A392474A9}.Release|Any CPU.ActiveCfg = Release|Any CPU
		{5FAF5764-324C-4BEE-957B-826A392474A9}.Release|Any CPU.Build.0 = Release|Any CPU
		{5FAF5764-324C-4BEE-957B-826A392474A9}.Release|x64.ActiveCfg = Release|Any CPU
		{5FAF5764-324C-4BEE-957B-826A392474A9}.Release|x64.Build.0 = Release|Any CPU
		{5FAF5764-324C-4BEE-957B-826A392474A9}.Release|x86.ActiveCfg = Release|Any CPU
		{5FAF5764-324C-4BEE-957B-826A392474A9}.Release|x86.Build.0 = Release|Any CPU
		{83B1FD93-1D49-442F-A1A2-4E22F04AD9A4}.Debug|Any CPU.ActiveCfg = Debug|Any CPU
		{83B1FD93-1D49-442F-A1A2-4E22F04AD9A4}.Debug|Any CPU.Build.0 = Debug|Any CPU
		{83B1FD93-1D49-442F-A1A2-4E22F04AD9A4}.Debug|x64.ActiveCfg = Debug|Any CPU
		{83B1FD93-1D49-442F-A1A2-4E22F04AD9A4}.Debug|x64.Build.0 = Debug|Any CPU
		{83B1FD93-1D49-442F-A1A2-4E22F04AD9A4}.Debug|x86.ActiveCfg = Debug|Any CPU
		{83B1FD93-1D49-442F-A1A2-4E22F04AD9A4}.Debug|x86.Build.0 = Debug|Any CPU
		{83B1FD93-1D49-442F-A1A2-4E22F04AD9A4}.Release|Any CPU.ActiveCfg = Release|Any CPU
		{83B1FD93-1D49-442F-A1A2-4E22F04AD9A4}.Release|Any CPU.Build.0 = Release|Any CPU
		{83B1FD93-1D49-442F-A1A2-4E22F04AD9A4}.Release|x64.ActiveCfg = Release|Any CPU
		{83B1FD93-1D49-442F-A1A2-4E22F04AD9A4}.Release|x64.Build.0 = Release|Any CPU
		{83B1FD93-1D49-442F-A1A2-4E22F04AD9A4}.Release|x86.ActiveCfg = Release|Any CPU
		{83B1FD93-1D49-442F-A1A2-4E22F04AD9A4}.Release|x86.Build.0 = Release|Any CPU
		{4B3E6A78-1565-4B09-BD4A-C918994AEFD5}.Debug|Any CPU.ActiveCfg = Debug|Any CPU
		{4B3E6A78-1565-4B09-BD4A-C918994AEFD5}.Debug|Any CPU.Build.0 = Debug|Any CPU
		{4B3E6A78-1565-4B09-BD4A-C918994AEFD5}.Debug|x64.ActiveCfg = Debug|Any CPU
		{4B3E6A78-1565-4B09-BD4A-C918994AEFD5}.Debug|x64.Build.0 = Debug|Any CPU
		{4B3E6A78-1565-4B09-BD4A-C918994AEFD5}.Debug|x86.ActiveCfg = Debug|Any CPU
		{4B3E6A78-1565-4B09-BD4A-C918994AEFD5}.Debug|x86.Build.0 = Debug|Any CPU
		{4B3E6A78-1565-4B09-BD4A-C918994AEFD5}.Release|Any CPU.ActiveCfg = Release|Any CPU
		{4B3E6A78-1565-4B09-BD4A-C918994AEFD5}.Release|Any CPU.Build.0 = Release|Any CPU
		{4B3E6A78-1565-4B09-BD4A-C918994AEFD5}.Release|x64.ActiveCfg = Release|Any CPU
		{4B3E6A78-1565-4B09-BD4A-C918994AEFD5}.Release|x64.Build.0 = Release|Any CPU
		{4B3E6A78-1565-4B09-BD4A-C918994AEFD5}.Release|x86.ActiveCfg = Release|Any CPU
		{4B3E6A78-1565-4B09-BD4A-C918994AEFD5}.Release|x86.Build.0 = Release|Any CPU
		{95F30B36-659F-474F-B4D8-1DF186F8D59B}.Debug|Any CPU.ActiveCfg = Debug|Any CPU
		{95F30B36-659F-474F-B4D8-1DF186F8D59B}.Debug|Any CPU.Build.0 = Debug|Any CPU
		{95F30B36-659F-474F-B4D8-1DF186F8D59B}.Debug|x64.ActiveCfg = Debug|Any CPU
		{95F30B36-659F-474F-B4D8-1DF186F8D59B}.Debug|x64.Build.0 = Debug|Any CPU
		{95F30B36-659F-474F-B4D8-1DF186F8D59B}.Debug|x86.ActiveCfg = Debug|Any CPU
		{95F30B36-659F-474F-B4D8-1DF186F8D59B}.Debug|x86.Build.0 = Debug|Any CPU
		{95F30B36-659F-474F-B4D8-1DF186F8D59B}.Release|Any CPU.ActiveCfg = Release|Any CPU
		{95F30B36-659F-474F-B4D8-1DF186F8D59B}.Release|Any CPU.Build.0 = Release|Any CPU
		{95F30B36-659F-474F-B4D8-1DF186F8D59B}.Release|x64.ActiveCfg = Release|Any CPU
		{95F30B36-659F-474F-B4D8-1DF186F8D59B}.Release|x64.Build.0 = Release|Any CPU
		{95F30B36-659F-474F-B4D8-1DF186F8D59B}.Release|x86.ActiveCfg = Release|Any CPU
		{95F30B36-659F-474F-B4D8-1DF186F8D59B}.Release|x86.Build.0 = Release|Any CPU
		{4E7A9C1D-53B0-4A2E-9D1F-6C8A2B3E4F50}.Debug|Any CPU.ActiveCfg = Debug|Any CPU
		{4E7A9C1D-53B0-4A2E-9D1F-6C8A2B3E4F50}.Debug|Any CPU.Build.0 = Debug|Any CPU
		{4E7A9C1D-53B0-4A2E-9D1F-6C8A2B3E4F50}.Debug|x64.ActiveCfg = Debug|Any CPU
		{4E7A9C1D-53B0-4A2E-9D1F-6C8A2B3E4F50}.Debug|x64.Build.0 = Debug|Any CPU
		{4E7A9C1D-53B0-4A2E-9D1F-6C8A2B3E4F50}.Debug|x86.ActiveCfg = Debug|Any CPU
		{4E7A9C1D-53B0-4A2E-9D1F-6C8A2B3E4F50}.Debug|x86.Build.0 = Debug|Any CPU
		{4E7A9C1D-53B0-4A2E-9D1F-6C8A2B3E4F50}.Release|Any CPU.ActiveCfg = Release|Any CPU
		{4E7A9C1D-53B0-4A2E-9D1F-6C8A2B3E4F50}.Release|Any CPU.Build.0 = Release|Any CPU
		{4E7A9C1D-53B0-4A2E-9D1F-6C8A2B3E4F50}.Release|x64.ActiveCfg = Release|Any CPU
		{4E7A9C1D-53B0-4A2E-9D1F-6C8A2B3E4F50}.Release|x64.Build.0 = Release|Any CPU
		{4E7A9C1D-53B0-4A2E-9D1F-6C8A2B3E4F50}.Release|x86.ActiveCfg = Release|Any CPU
		{4E7A9C1D-53B0-4A2E-9D1F-6C8A2B3E4F50}.Release|x86.Build.0 = Release|Any CPU
		{5F8B0D2E-64C1-5B3F-AE20-7D9B3C4F5A61}.Debug|Any CPU.ActiveCfg = Debug|Any CPU
		{5F8B0D2E-64C1-5B3F-AE20-7D9B3C4F5A61}.Debug|Any CPU.Build.0 = Debug|Any CPU
		{5F8B0D2E-64C1-5B3F-AE20-7D9B3C4F5A61}.Debug|x64.ActiveCfg = Debug|Any CPU
		{5F8B0D2E-64C1-5B3F-AE20-7D9B3C4F5A61}.Debug|x64.Build.0 = Debug|Any CPU
		{5F8B0D2E-64C1-5B3F-AE20-7D9B3C4F5A61}.Debug|x86.ActiveCfg = Debug|Any CPU
		{5F8B0D2E-64C1-5B3F-AE20-7D9B3C4F5A61}.Debug|x86.Build.0 = Debug|Any CPU
		{5F8B0D2E-64C1-5B3F-AE20-7D9B3C4F5A61}.Release|Any CPU.ActiveCfg = Release|Any CPU
		{5F8B0D2E-64C1-5B3F-AE20-7D9B3C4F5A61}.Release|Any CPU.Build.0 = Release|Any CPU
		{5F8B0D2E-64C1-5B3F-AE20-7D9B3C4F5A61}.Release|x64.ActiveCfg = Release|Any CPU
		{5F8B0D2E-64C1-5B3F-AE20-7D9B3C4F5A61}.Release|x64.Build.0 = Release|Any CPU
		{5F8B0D2E-64C1-5B3F-AE20-7D9B3C4F5A61}.Release|x86.ActiveCfg = Release|Any CPU
		{5F8B0D2E-64C1-5B3F-AE20-7D9B3C4F5A61}.Release|x86.Build.0 = Release|Any CPU
		{8555454A-2946-457B-BB3C-387D6E98CF29}.Debug|Any CPU.ActiveCfg = Debug|Any CPU
		{8555454A-2946-457B-BB3C-387D6E98CF29}.Debug|Any CPU.Build.0 = Debug|Any CPU
		{8555454A-2946-457B-BB3C-387D6E98CF29}.Debug|x64.ActiveCfg = Debug|Any CPU
		{8555454A-2946-457B-BB3C-387D6E98CF29}.Debug|x64.Build.0 = Debug|Any CPU
		{8555454A-2946-457B-BB3C-387D6E98CF29}.Debug|x86.ActiveCfg = Debug|Any CPU
		{8555454A-2946-457B-BB3C-387D6E98CF29}.Debug|x86.Build.0 = Debug|Any CPU
		{8555454A-2946-457B-BB3C-387D6E98CF29}.Release|Any CPU.ActiveCfg = Release|Any CPU
		{8555454A-2946-457B-BB3C-387D6E98CF29}.Release|Any CPU.Build.0 = Release|Any CPU
		{8555454A-2946-457B-BB3C-387D6E98CF29}.Release|x64.ActiveCfg = Release|Any CPU
		{8555454A-2946-457B-BB3C-387D6E98CF29}.Release|x64.Build.0 = Release|Any CPU
		{8555454A-2946-457B-BB3C-387D6E98CF29}.Release|x86.ActiveCfg = Release|Any CPU
		{8555454A-2946-457B-BB3C-387D6E98CF29}.Release|x86.Build.0 = Release|Any CPU
		{4B695AAF-9AAD-4ABB-ABCE-0C07807C5559}.Debug|Any CPU.ActiveCfg = Debug|Any CPU
		{4B695AAF-9AAD-4ABB-ABCE-0C07807C5559}.Debug|Any CPU.Build.0 = Debug|Any CPU
		{4B695AAF-9AAD-4ABB-ABCE-0C07807C5559}.Debug|x64.ActiveCfg = Debug|Any CPU
		{4B695AAF-9AAD-4ABB-ABCE-0C07807C5559}.Debug|x64.Build.0 = Debug|Any CPU
		{4B695AAF-9AAD-4ABB-ABCE-0C07807C5559}.Debug|x86.ActiveCfg = Debug|Any CPU
		{4B695AAF-9AAD-4ABB-ABCE-0C07807C5559}.Debug|x86.Build.0 = Debug|Any CPU
		{4B695AAF-9AAD-4ABB-ABCE-0C07807C5559}.Release|Any CPU.ActiveCfg = Release|Any CPU
		{4B695AAF-9AAD-4ABB-ABCE-0C07807C5559}.Release|Any CPU.Build.0 = Release|Any CPU
		{4B695AAF-9AAD-4ABB-ABCE-0C07807C5559}.Release|x64.ActiveCfg = Release|Any CPU
		{4B695AAF-9AAD-4ABB-ABCE-0C07807C5559}.Release|x64.Build.0 = Release|Any CPU
		{4B695AAF-9AAD-4ABB-ABCE-0C07807C5559}.Release|x86.ActiveCfg = Release|Any CPU
		{4B695AAF-9AAD-4ABB-ABCE-0C07807C5559}.Release|x86.Build.0 = Release|Any CPU
		{FC3BCBC8-7639-4901-9092-790521A50A38}.Debug|Any CPU.ActiveCfg = Debug|Any CPU
		{FC3BCBC8-7639-4901-9092-790521A50A38}.Debug|Any CPU.Build.0 = Debug|Any CPU
		{FC3BCBC8-7639-4901-9092-790521A50A38}.Debug|x64.ActiveCfg = Debug|Any CPU
		{FC3BCBC8-7639-4901-9092-790521A50A38}.Debug|x64.Build.0 = Debug|Any CPU
		{FC3BCBC8-7639-4901-9092-790521A50A38}.Debug|x86.ActiveCfg = Debug|Any CPU
		{FC3BCBC8-7639-4901-9092-790521A50A38}.Debug|x86.Build.0 = Debug|Any CPU
		{FC3BCBC8-7639-4901-9092-790521A50A38}.Release|Any CPU.ActiveCfg = Release|Any CPU
		{FC3BCBC8-7639-4901-9092-790521A50A38}.Release|Any CPU.Build.0 = Release|Any CPU
		{FC3BCBC8-7639-4901-9092-790521A50A38}.Release|x64.ActiveCfg = Release|Any CPU
		{FC3BCBC8-7639-4901-9092-790521A50A38}.Release|x64.Build.0 = Release|Any CPU
		{FC3BCBC8-7639-4901-9092-790521A50A38}.Release|x86.ActiveCfg = Release|Any CPU
		{FC3BCBC8-7639-4901-9092-790521A50A38}.Release|x86.Build.0 = Release|Any CPU
		{E2260881-D312-40F5-A326-CA99235E2C9E}.Debug|Any CPU.ActiveCfg = Debug|Any CPU
		{E2260881-D312-40F5-A326-CA99235E2C9E}.Debug|Any CPU.Build.0 = Debug|Any CPU
		{E2260881-D312-40F5-A326-CA99235E2C9E}.Debug|x64.ActiveCfg = Debug|Any CPU
		{E2260881-D312-40F5-A326-CA99235E2C9E}.Debug|x64.Build.0 = Debug|Any CPU
		{E2260881-D312-40F5-A326-CA99235E2C9E}.Debug|x86.ActiveCfg = Debug|Any CPU
		{E2260881-D312-40F5-A326-CA99235E2C9E}.Debug|x86.Build.0 = Debug|Any CPU
		{E2260881-D312-40F5-A326-CA99235E2C9E}.Release|Any CPU.ActiveCfg = Release|Any CPU
		{E2260881-D312-40F5-A326-CA99235E2C9E}.Release|Any CPU.Build.0 = Release|Any CPU
		{E2260881-D312-40F5-A326-CA99235E2C9E}.Release|x64.ActiveCfg = Release|Any CPU
		{E2260881-D312-40F5-A326-CA99235E2C9E}.Release|x64.Build.0 = Release|Any CPU
		{E2260881-D312-40F5-A326-CA99235E2C9E}.Release|x86.ActiveCfg = Release|Any CPU
		{E2260881-D312-40F5-A326-CA99235E2C9E}.Release|x86.Build.0 = Release|Any CPU
	EndGlobalSection
	GlobalSection(SolutionProperties) = preSolution
		HideSolutionNode = FALSE
	EndGlobalSection
	GlobalSection(NestedProjects) = preSolution
		{A1B2C3D4-E5F6-7890-ABCD-EF1234567890} = {B2C3D4E5-F6A7-8901-BCDE-F12345678901}
		{C3D4E5F6-A7B8-9012-CDEF-123456789012} = {B2C3D4E5-F6A7-8901-BCDE-F12345678901}
		{D4E5F6A7-B8C9-0123-DEFA-234567890123} = {B2C3D4E5-F6A7-8901-BCDE-F12345678901}
		{CD9962F4-A6FD-4E23-AE15-7FFC93149FBF} = {B2C3D4E5-F6A7-8901-BCDE-F12345678901}
		{F0686616-5952-4D8A-8412-0930C4033AC8} = {B2C3D4E5-F6A7-8901-BCDE-F12345678901}
		{62D3B876-442A-4F32-9377-95C9C063FEAF} = {B3415621-5EBA-1A55-0B57-0078FEC59DC7}
		{08DD9505-D230-493E-A1DB-DFF00BA6473D} = {62D3B876-442A-4F32-9377-95C9C063FEAF}
		{E203806D-433A-40C5-9469-ABCF10ED8C9F} = {62D3B876-442A-4F32-9377-95C9C063FEAF}
		{5FAF5764-324C-4BEE-957B-826A392474A9} = {62D3B876-442A-4F32-9377-95C9C063FEAF}
		{83B1FD93-1D49-442F-A1A2-4E22F04AD9A4} = {62D3B876-442A-4F32-9377-95C9C063FEAF}
		{4B3E6A78-1565-4B09-BD4A-C918994AEFD5} = {62D3B876-442A-4F32-9377-95C9C063FEAF}
		{95F30B36-659F-474F-B4D8-1DF186F8D59B} = {62D3B876-442A-4F32-9377-95C9C063FEAF}
		{4E7A9C1D-53B0-4A2E-9D1F-6C8A2B3E4F50} = {B2C3D4E5-F6A7-8901-BCDE-F12345678901}
		{5F8B0D2E-64C1-5B3F-AE20-7D9B3C4F5A61} = {B2C3D4E5-F6A7-8901-BCDE-F12345678901}
		{8555454A-2946-457B-BB3C-387D6E98CF29} = {B2C3D4E5-F6A7-8901-BCDE-F12345678901}
		{4B695AAF-9AAD-4ABB-ABCE-0C07807C5559} = {B2C3D4E5-F6A7-8901-BCDE-F12345678901}
		{FC3BCBC8-7639-4901-9092-790521A50A38} = {B2C3D4E5-F6A7-8901-BCDE-F12345678901}
		{E2260881-D312-40F5-A326-CA99235E2C9E} = {B2C3D4E5-F6A7-8901-BCDE-F12345678901}
	EndGlobalSection
EndGlobal
